
Microsoft Visual Studio Solution File, Format Version 12.00
# Visual Studio Version 16
VisualStudioVersion = 16.0.29411.108
MinimumVisualStudioVersion = 10.0.40219.1
Project("{FAE04EC0-301F-11D3-BF4B-00C04F79EFBC}") = "EF", "EF.csproj", "{D22943D3-CAC6-4A2E-AD45-9D5E1DF8AC68}"
EndProject
Global
	GlobalSection(SolutionConfigurationPlatforms) = preSolution
		Debug|Any CPU = Debug|Any CPU
		Release|Any CPU = Release|Any CPU
	EndGlobalSection
	GlobalSection(ProjectConfigurationPlatforms) = postSolution
		{D22943D3-CAC6-4A2E-AD45-9D5E1DF8AC68}.Debug|Any CPU.ActiveCfg = Debug|Any CPU
		{D22943D3-CAC6-4A2E-AD45-9D5E1DF8AC68}.Debug|Any CPU.Build.0 = Debug|Any CPU
		{D22943D3-CAC6-4A2E-AD45-9D5E1DF8AC68}.Release|Any CPU.ActiveCfg = Release|Any CPU
		{D22943D3-CAC6-4A2E-AD45-9D5E1DF8AC68}.Release|Any CPU.Build.0 = Release|Any CPU
	EndGlobalSection
	GlobalSection(SolutionProperties) = preSolution
		HideSolutionNode = FALSE
	EndGlobalSection
	GlobalSection(ExtensibilityGlobals) = postSolution
		SolutionGuid = {BAF9CB82-978B-47BD-8464-BABCD15E2B01}
	EndGlobalSection
EndGlobal
